
Microsoft Visual Studio Solution File, Format Version 12.00
# Visual Studio 15
VisualStudioVersion = 15.0.28307.329
MinimumVisualStudioVersion = 10.0.40219.1
Project("{2150E333-8FDC-42A3-9474-1A3956D46DE8}") = "01.UI", "01.UI", "{18D5A16E-82A3-4C7B-A6F0-8FAE7DE1BEC5}"
EndProject
Project("{2150E333-8FDC-42A3-9474-1A3956D46DE8}") = "02.Application", "02.Application", "{4E6E8968-1B22-4C3B-9C1E-827A8C525511}"
EndProject
Project("{2150E333-8FDC-42A3-9474-1A3956D46DE8}") = "03.Domain", "03.Domain", "{54DE1267-A2A5-46C9-A10D-DABC972EAF06}"
EndProject
Project("{2150E333-8FDC-42A3-9474-1A3956D46DE8}") = "04.Infrastructure", "04.Infrastructure", "{07AD023B-6D4C-4947-BD27-D44F04D2F9A1}"
EndProject
Project("{2150E333-8FDC-42A3-9474-1A3956D46DE8}") = "05.UnitTest", "05.UnitTest", "{0027192F-2B5A-436F-9CEE-6D5B4C5DDC4B}"
EndProject
Project("{2150E333-8FDC-42A3-9474-1A3956D46DE8}") = "Solution Items", "Solution Items", "{BB1C9FA1-EC70-4F05-B7EA-2260C5E874A6}"
	ProjectSection(SolutionItems) = preProject
		ReadMe.txt = ReadMe.txt
		数据库说明.txt = 数据库说明.txt
	EndProjectSection
EndProject
Project("{9A19103F-16F7-4668-BE54-9A1E7A4F7556}") = "JX.Infrastructure", "JX.Infrastructure\JX.Infrastructure.csproj", "{109B36A2-6476-4B96-B89D-48196D70333F}"
EndProject
Project("{9A19103F-16F7-4668-BE54-9A1E7A4F7556}") = "MyADO", "MyADO\MyADO.csproj", "{659D5742-A15B-48B0-B9F7-7AD5E8351A6F}"
EndProject
Project("{9A19103F-16F7-4668-BE54-9A1E7A4F7556}") = "JX.Core", "JX.Core\JX.Core.csproj", "{1151AB97-C4CD-458A-A716-1F6E3FBDC5A7}"
EndProject
Project("{9A19103F-16F7-4668-BE54-9A1E7A4F7556}") = "JX.Core.Entity", "JX.Core.Entity\JX.Core.Entity.csproj", "{0E412D80-73D6-4F9F-B068-68883FB0308D}"
EndProject
Project("{9A19103F-16F7-4668-BE54-9A1E7A4F7556}") = "JX.ADO", "JX.ADO\JX.ADO.csproj", "{7ED82633-B4C8-4FB0-A5A5-179D27871A20}"
EndProject
Project("{9A19103F-16F7-4668-BE54-9A1E7A4F7556}") = "JX.EF", "JX.EF\JX.EF.csproj", "{B716592C-ECAB-4430-A406-63D56136106C}"
EndProject
Project("{9A19103F-16F7-4668-BE54-9A1E7A4F7556}") = "JX.Application", "JX.Application\JX.Application.csproj", "{69B80303-8C71-4E94-94C5-4C4D35CCC0A3}"
EndProject
Project("{FAE04EC0-301F-11D3-BF4B-00C04F79EFBC}") = "JXWebHost", "JXWebHost\JXWebHost.csproj", "{FE75E89F-E7B0-4C1B-882E-322BEF4BD242}"
EndProject
Global
	GlobalSection(SolutionConfigurationPlatforms) = preSolution
		Debug|Any CPU = Debug|Any CPU
		Release|Any CPU = Release|Any CPU
	EndGlobalSection
	GlobalSection(ProjectConfigurationPlatforms) = postSolution
		{109B36A2-6476-4B96-B89D-48196D70333F}.Debug|Any CPU.ActiveCfg = Debug|Any CPU
		{109B36A2-6476-4B96-B89D-48196D70333F}.Debug|Any CPU.Build.0 = Debug|Any CPU
		{109B36A2-6476-4B96-B89D-48196D70333F}.Release|Any CPU.ActiveCfg = Release|Any CPU
		{109B36A2-6476-4B96-B89D-48196D70333F}.Release|Any CPU.Build.0 = Release|Any CPU
		{659D5742-A15B-48B0-B9F7-7AD5E8351A6F}.Debug|Any CPU.ActiveCfg = Debug|Any CPU
		{659D5742-A15B-48B0-B9F7-7AD5E8351A6F}.Debug|Any CPU.Build.0 = Debug|Any CPU
		{659D5742-A15B-48B0-B9F7-7AD5E8351A6F}.Release|Any CPU.ActiveCfg = Release|Any CPU
		{659D5742-A15B-48B0-B9F7-7AD5E8351A6F}.Release|Any CPU.Build.0 = Release|Any CPU
		{1151AB97-C4CD-458A-A716-1F6E3FBDC5A7}.Debug|Any CPU.ActiveCfg = Debug|Any CPU
		{1151AB97-C4CD-458A-A716-1F6E3FBDC5A7}.Debug|Any CPU.Build.0 = Debug|Any CPU
		{1151AB97-C4CD-458A-A716-1F6E3FBDC5A7}.Release|Any CPU.ActiveCfg = Release|Any CPU
		{1151AB97-C4CD-458A-A716-1F6E3FBDC5A7}.Release|Any CPU.Build.0 = Release|Any CPU
		{0E412D80-73D6-4F9F-B068-68883FB0308D}.Debug|Any CPU.ActiveCfg = Debug|Any CPU
		{0E412D80-73D6-4F9F-B068-68883FB0308D}.Debug|Any CPU.Build.0 = Debug|Any CPU
		{0E412D80-73D6-4F9F-B068-68883FB0308D}.Release|Any CPU.ActiveCfg = Release|Any CPU
		{0E412D80-73D6-4F9F-B068-68883FB0308D}.Release|Any CPU.Build.0 = Release|Any CPU
		{7ED82633-B4C8-4FB0-A5A5-179D27871A20}.Debug|Any CPU.ActiveCfg = Debug|Any CPU
		{7ED82633-B4C8-4FB0-A5A5-179D27871A20}.Debug|Any CPU.Build.0 = Debug|Any CPU
		{7ED82633-B4C8-4FB0-A5A5-179D27871A20}.Release|Any CPU.ActiveCfg = Release|Any CPU
		{7ED82633-B4C8-4FB0-A5A5-179D27871A20}.Release|Any CPU.Build.0 = Release|Any CPU
		{B716592C-ECAB-4430-A406-63D56136106C}.Debug|Any CPU.ActiveCfg = Debug|Any CPU
		{B716592C-ECAB-4430-A406-63D56136106C}.Debug|Any CPU.Build.0 = Debug|Any CPU
		{B716592C-ECAB-4430-A406-63D56136106C}.Release|Any CPU.ActiveCfg = Release|Any CPU
		{B716592C-ECAB-4430-A406-63D56136106C}.Release|Any CPU.Build.0 = Release|Any CPU
		{69B80303-8C71-4E94-94C5-4C4D35CCC0A3}.Debug|Any CPU.ActiveCfg = Debug|Any CPU
		{69B80303-8C71-4E94-94C5-4C4D35CCC0A3}.Debug|Any CPU.Build.0 = Debug|Any CPU
		{69B80303-8C71-4E94-94C5-4C4D35CCC0A3}.Release|Any CPU.ActiveCfg = Release|Any CPU
		{69B80303-8C71-4E94-94C5-4C4D35CCC0A3}.Release|Any CPU.Build.0 = Release|Any CPU
		{FE75E89F-E7B0-4C1B-882E-322BEF4BD242}.Debug|Any CPU.ActiveCfg = Debug|Any CPU
		{FE75E89F-E7B0-4C1B-882E-322BEF4BD242}.Debug|Any CPU.Build.0 = Debug|Any CPU
		{FE75E89F-E7B0-4C1B-882E-322BEF4BD242}.Release|Any CPU.ActiveCfg = Release|Any CPU
		{FE75E89F-E7B0-4C1B-882E-322BEF4BD242}.Release|Any CPU.Build.0 = Release|Any CPU
	EndGlobalSection
	GlobalSection(SolutionProperties) = preSolution
		HideSolutionNode = FALSE
	EndGlobalSection
	GlobalSection(NestedProjects) = preSolution
		{109B36A2-6476-4B96-B89D-48196D70333F} = {07AD023B-6D4C-4947-BD27-D44F04D2F9A1}
		{659D5742-A15B-48B0-B9F7-7AD5E8351A6F} = {07AD023B-6D4C-4947-BD27-D44F04D2F9A1}
		{1151AB97-C4CD-458A-A716-1F6E3FBDC5A7} = {54DE1267-A2A5-46C9-A10D-DABC972EAF06}
		{0E412D80-73D6-4F9F-B068-68883FB0308D} = {54DE1267-A2A5-46C9-A10D-DABC972EAF06}
		{7ED82633-B4C8-4FB0-A5A5-179D27871A20} = {07AD023B-6D4C-4947-BD27-D44F04D2F9A1}
		{B716592C-ECAB-4430-A406-63D56136106C} = {07AD023B-6D4C-4947-BD27-D44F04D2F9A1}
		{69B80303-8C71-4E94-94C5-4C4D35CCC0A3} = {4E6E8968-1B22-4C3B-9C1E-827A8C525511}
		{FE75E89F-E7B0-4C1B-882E-322BEF4BD242} = {18D5A16E-82A3-4C7B-A6F0-8FAE7DE1BEC5}
	EndGlobalSection
	GlobalSection(ExtensibilityGlobals) = postSolution
		SolutionGuid = {9E5155E7-39AB-4E86-B46D-7F9C2AFDD6A0}
	EndGlobalSection
EndGlobal
